{
  "originHash" : "a095d529ad8a2ff821bf87465d4e5065426e5f884ac916ab2c737edf42a0727a",
  "pins" : [
    {
      "identity" : "ipapi",
      "kind" : "remoteSourceControl",
      "location" : "https://github.com/arturgrigor/IPAPI.git",
      "state" : {
        "branch" : "master",
        "revision" : "7394135f9162ab7127a5ebd94d48e797dc516414"
      }
    },
    {
      "identity" : "keychain-swift",
      "kind" : "remoteSourceControl",
      "location" : "https://github.com/evgenyneu/keychain-swift.git",
      "state" : {
        "branch" : "master",
        "revision" : "5e1b02b6a9dac2a759a1d5dbc175c86bd192a608"
      }
    },
    {
      "identity" : "swift-package-manager-google-user-messaging-platform",
      "kind" : "remoteSourceControl",
      "location" : "https://github.com/googleads/swift-package-manager-google-user-messaging-platform.git",
      "state" : {
        "branch" : "main",
        "revision" : "708a282840c2171ee63bd93b87afa49fe507d70e"
      }
    },
    {
      "identity" : "swiftyjson",
      "kind" : "remoteSourceControl",
      "location" : "https://github.com/SwiftyJSON/SwiftyJSON.git",
      "state" : {
        "branch" : "master",
        "revision" : "c761b43aa03f15f00df64744e70399d78c3bee96"
      }
    }
  ],
  "version" : 3
}
